<?xml version="1.0" encoding="utf-8"?>
<Project ToolsVersion="4.0" xmlns="http://schemas.microsoft.com/developer/msbuild/2003">
  <ItemGroup>
    <Filter Include="Source Files">
      <UniqueIdentifier>{4FC737F1-C7A5-4376-A066-2A32D752A2FF}</UniqueIdentifier>
      <Extensions>cpp;c;cc;cxx;def;odl;idl;hpj;bat;asm;asmx</Extensions>
    </Filter>
    <Filter Include="Header Files">
      <UniqueIdentifier>{93995380-89BD-4b04-88EB-625FBE52EBFB}</UniqueIdentifier>
      <Extensions>h;hpp;hxx;hm;inl;inc;xsd</Extensions>
    </Filter>
    <Filter Include="Engine Interface">
      <UniqueIdentifier>{874146f1-14fe-48a0-9c4c-55e25b1303c3}</UniqueIdentifier>
    </Filter>
    <Filter Include="Compiler Library">
      <UniqueIdentifier>{e8925b71-b95a-445d-8ade-5395baf76d5d}</UniqueIdentifier>
    </Filter>
    <Filter Include="AVIReader">
      <UniqueIdentifier>{86f9626f-2fa1-41fe-ba6c-32cf87da0ff1}</UniqueIdentifier>
    </Filter>
    <Filter Include="AVIReader\Additional Includes">
      <UniqueIdentifier>{d017b802-3539-4581-a999-687c292fda9c}</UniqueIdentifier>
    </Filter>
    <Filter Include="AVIReader\Header Files">
      <UniqueIdentifier>{95474a4d-d7c6-46d0-a90e-5667a24e8705}</UniqueIdentifier>
    </Filter>
    <Filter Include="AVIReader\Source Files">
      <UniqueIdentifier>{daf937d5-d175-4bea-85ce-3f9c8b6f77fd}</UniqueIdentifier>
    </Filter>
    <Filter Include="Coder Source">
      <UniqueIdentifier>{2681b769-0e30-49fa-9af5-0d3e78a6798d}</UniqueIdentifier>
    </Filter>
    <Filter Include="Coder Source\Coder Header Files">
      <UniqueIdentifier>{8baee14f-c420-437e-8ac2-81da7d99f68a}</UniqueIdentifier>
    </Filter>
    <Filter Include="Coder Source\Coder Source Files">
      <UniqueIdentifier>{e1117585-0ef5-469b-8ff0-c747f95c1b9c}</UniqueIdentifier>
    </Filter>
  </ItemGroup>
  <ItemGroup>
    <ClCompile Include="configure.cpp">
      <Filter>Source Files</Filter>
    </ClCompile>
    <ClCompile Include="FindLanesWithCoder.cpp">
      <Filter>Source Files</Filter>
    </ClCompile>
    <ClCompile Include="FindLanesWithCompiler.cpp">
      <Filter>Source Files</Filter>
    </ClCompile>
    <ClCompile Include="FindLanesWithEngine.cpp">
      <Filter>Source Files</Filter>
    </ClCompile>
    <ClCompile Include="LaneMarkingVSProject.cpp">
      <Filter>Source Files</Filter>
    </ClCompile>
    <ClCompile Include="readBinaryImageFile.cpp">
      <Filter>Source Files</Filter>
    </ClCompile>
    <ClCompile Include="verifyLanes.cpp">
      <Filter>Source Files</Filter>
    </ClCompile>
    <ClCompile Include="AVIFileReader\readAVIFile_data.cpp">
      <Filter>AVIReader\Source Files</Filter>
    </ClCompile>
    <ClCompile Include="AVIFileReader\readAVIFile_initialize.cpp">
      <Filter>AVIReader\Source Files</Filter>
    </ClCompile>
    <ClCompile Include="AVIFileReader\readAVIFile_terminate.cpp">
      <Filter>AVIReader\Source Files</Filter>
    </ClCompile>
    <ClCompile Include="AVIFileReader\step.cpp">
      <Filter>AVIReader\Source Files</Filter>
    </ClCompile>
    <ClCompile Include="AVIFileReader\readAVIFile.cpp">
      <Filter>AVIReader\Source Files</Filter>
    </ClCompile>
    <ClCompile Include="MATLABCoderGeneratedSource\lanemarking_Algorithm.cpp">
      <Filter>Coder Source\Coder Source Files</Filter>
    </ClCompile>
    <ClCompile Include="MATLABCoderGeneratedSource\lanemarking_Algorithm_data.cpp">
      <Filter>Coder Source\Coder Source Files</Filter>
    </ClCompile>
    <ClCompile Include="MATLABCoderGeneratedSource\lanemarking_Algorithm_initialize.cpp">
      <Filter>Coder Source\Coder Source Files</Filter>
    </ClCompile>
    <ClCompile Include="MATLABCoderGeneratedSource\Nondirect1.cpp">
      <Filter>Coder Source\Coder Source Files</Filter>
    </ClCompile>
    <ClCompile Include="MATLABCoderGeneratedSource\SystemCore.cpp">
      <Filter>Coder Source\Coder Source Files</Filter>
    </ClCompile>
    <ClCompile Include="MATLABCoderGeneratedSource\Autothresholder.cpp">
      <Filter>Coder Source\Coder Source Files</Filter>
    </ClCompile>
    <ClCompile Include="MATLABCoderGeneratedSource\BlobAnalysis.cpp">
      <Filter>Coder Source\Coder Source Files</Filter>
    </ClCompile>
    <ClCompile Include="MATLABCoderGeneratedSource\ColorSpaceConverter.cpp">
      <Filter>Coder Source\Coder Source Files</Filter>
    </ClCompile>
    <ClCompile Include="MATLABCoderGeneratedSource\findlanes.cpp">
      <Filter>Coder Source\Coder Source Files</Filter>
    </ClCompile>
    <ClCompile Include="MATLABCoderGeneratedSource\getLaneVerticies.cpp">
      <Filter>Coder Source\Coder Source Files</Filter>
    </ClCompile>
    <ClCompile Include="AdditionalMathWorksFiles\HostLib_rtw.cpp">
      <Filter>AVIReader\Additional Includes</Filter>
    </ClCompile>
    <ClCompile Include="AdditionalMathWorksFiles\HostLib_MMFile.cpp">
      <Filter>AVIReader\Additional Includes</Filter>
    </ClCompile>
    <ClCompile Include="AdditionalMathWorksFiles\HostLib_Multimedia.cpp">
      <Filter>AVIReader\Additional Includes</Filter>
    </ClCompile>
  </ItemGroup>
  <ItemGroup>
    <ClInclude Include="configure.h">
      <Filter>Header Files</Filter>
    </ClInclude>
    <ClInclude Include="FindLanesWithCoder.h">
      <Filter>Header Files</Filter>
    </ClInclude>
    <ClInclude Include="FindLanesWithCompiler.h">
      <Filter>Header Files</Filter>
    </ClInclude>
    <ClInclude Include="FindLanesWithEngine.h">
      <Filter>Header Files</Filter>
    </ClInclude>
    <ClInclude Include="readBinaryImageFile.h">
      <Filter>Header Files</Filter>
    </ClInclude>
    <ClInclude Include="verifyLanes.h">
      <Filter>Header Files</Filter>
    </ClInclude>
    <ClInclude Include="verifyLanes_Data.h">
      <Filter>Header Files</Filter>
    </ClInclude>
    <ClInclude Include="AVIFileReader\readAVIFile_types.h">
      <Filter>AVIReader\Header Files</Filter>
    </ClInclude>
    <ClInclude Include="AVIFileReader\rtwtypes.h">
      <Filter>AVIReader\Header Files</Filter>
    </ClInclude>
    <ClInclude Include="AVIFileReader\step.h">
      <Filter>AVIReader\Header Files</Filter>
    </ClInclude>
    <ClInclude Include="AVIFileReader\readAVIFile.h">
      <Filter>AVIReader\Header Files</Filter>
    </ClInclude>
    <ClInclude Include="AVIFileReader\readAVIFile_data.h">
      <Filter>AVIReader\Header Files</Filter>
    </ClInclude>
    <ClInclude Include="AVIFileReader\readAVIFile_initialize.h">
      <Filter>AVIReader\Header Files</Filter>
    </ClInclude>
    <ClInclude Include="AVIFileReader\readAVIFile_terminate.h">
      <Filter>AVIReader\Header Files</Filter>
    </ClInclude>
    <ClInclude Include="MATLABCoderGeneratedSource\lanemarking_Algorithm_types.h">
      <Filter>Coder Source\Coder Header Files</Filter>
    </ClInclude>
    <ClInclude Include="MATLABCoderGeneratedSource\Nondirect1.h">
      <Filter>Coder Source\Coder Header Files</Filter>
    </ClInclude>
    <ClInclude Include="MATLABCoderGeneratedSource\rtwtypes.h">
      <Filter>Coder Source\Coder Header Files</Filter>
    </ClInclude>
    <ClInclude Include="MATLABCoderGeneratedSource\SystemCore.h">
      <Filter>Coder Source\Coder Header Files</Filter>
    </ClInclude>
    <ClInclude Include="MATLABCoderGeneratedSource\Autothresholder.h">
      <Filter>Coder Source\Coder Header Files</Filter>
    </ClInclude>
    <ClInclude Include="MATLABCoderGeneratedSource\BlobAnalysis.h">
      <Filter>Coder Source\Coder Header Files</Filter>
    </ClInclude>
    <ClInclude Include="MATLABCoderGeneratedSource\ColorSpaceConverter.h">
      <Filter>Coder Source\Coder Header Files</Filter>
    </ClInclude>
    <ClInclude Include="MATLABCoderGeneratedSource\findlanes.h">
      <Filter>Coder Source\Coder Header Files</Filter>
    </ClInclude>
    <ClInclude Include="MATLABCoderGeneratedSource\getLaneVerticies.h">
      <Filter>Coder Source\Coder Header Files</Filter>
    </ClInclude>
    <ClInclude Include="MATLABCoderGeneratedSource\lanemarking_Algorithm.h">
      <Filter>Coder Source\Coder Header Files</Filter>
    </ClInclude>
    <ClInclude Include="MATLABCoderGeneratedSource\lanemarking_Algorithm_data.h">
      <Filter>Coder Source\Coder Header Files</Filter>
    </ClInclude>
    <ClInclude Include="MATLABCoderGeneratedSource\lanemarking_Algorithm_initialize.h">
      <Filter>Coder Source\Coder Header Files</Filter>
    </ClInclude>
    <ClInclude Include="AdditionalMathWorksFiles\HostLib_rtw.h">
      <Filter>AVIReader\Additional Includes</Filter>
    </ClInclude>
    <ClInclude Include="AdditionalMathWorksFiles\HostLib_MMFile.h">
      <Filter>AVIReader\Additional Includes</Filter>
    </ClInclude>
    <ClInclude Include="AdditionalMathWorksFiles\HostLib_Multimedia.h">
      <Filter>AVIReader\Additional Includes</Filter>
    </ClInclude>
  </ItemGroup>
</Project>